
Microsoft Visual Studio Solution File, Format Version 12.00
# Visual Studio Version 17
VisualStudioVersion = 17.0.31903.59
MinimumVisualStudioVersion = 10.0.40219.1
Project("{FAE04EC0-301F-11D3-BF4B-00C04F79EFBC}") = "API", "API\API.csproj", "{44028E3F-1E70-4CDA-B060-062A8E8C412E}"
EndProject
Project("{FAE04EC0-301F-11D3-BF4B-00C04F79EFBC}") = "Core", "Core\Core.csproj", "{196C981E-31C5-4558-A024-6D7469BF7466}"
EndProject
Project("{FAE04EC0-301F-11D3-BF4B-00C04F79EFBC}") = "Infrastructure", "Infrastructure\Infrastructure.csproj", "{3801C650-0B34-43EB-9266-FCEEA0CA9E17}"
EndProject
Global
	GlobalSection(SolutionConfigurationPlatforms) = preSolution
		Debug|Any CPU = Debug|Any CPU
		Release|Any CPU = Release|Any CPU
	EndGlobalSection
	GlobalSection(SolutionProperties) = preSolution
		HideSolutionNode = FALSE
	EndGlobalSection
	GlobalSection(ProjectConfigurationPlatforms) = postSolution
		{44028E3F-1E70-4CDA-B060-062A8E8C412E}.Debug|Any CPU.ActiveCfg = Debug|Any CPU
		{44028E3F-1E70-4CDA-B060-062A8E8C412E}.Debug|Any CPU.Build.0 = Debug|Any CPU
		{44028E3F-1E70-4CDA-B060-062A8E8C412E}.Release|Any CPU.ActiveCfg = Release|Any CPU
		{44028E3F-1E70-4CDA-B060-062A8E8C412E}.Release|Any CPU.Build.0 = Release|Any CPU
		{196C981E-31C5-4558-A024-6D7469BF7466}.Debug|Any CPU.ActiveCfg = Debug|Any CPU
		{196C981E-31C5-4558-A024-6D7469BF7466}.Debug|Any CPU.Build.0 = Debug|Any CPU
		{196C981E-31C5-4558-A024-6D7469BF7466}.Release|Any CPU.ActiveCfg = Release|Any CPU
		{196C981E-31C5-4558-A024-6D7469BF7466}.Release|Any CPU.Build.0 = Release|Any CPU
		{3801C650-0B34-43EB-9266-FCEEA0CA9E17}.Debug|Any CPU.ActiveCfg = Debug|Any CPU
		{3801C650-0B34-43EB-9266-FCEEA0CA9E17}.Debug|Any CPU.Build.0 = Debug|Any CPU
		{3801C650-0B34-43EB-9266-FCEEA0CA9E17}.Release|Any CPU.ActiveCfg = Release|Any CPU
		{3801C650-0B34-43EB-9266-FCEEA0CA9E17}.Release|Any CPU.Build.0 = Release|Any CPU
	EndGlobalSection
EndGlobal
